
Microsoft Visual Studio Solution File, Format Version 11.00
# Visual Studio 2010
Project("{8BC9CEB8-8B4A-11D0-8D11-00A0C91BC942}") = "TreeTable", "TreeTable\TreeTable.vcxproj", "{DD51103C-E934-4D11-A256-B6FEACE9C096}"
EndProject
Global
	GlobalSection(SolutionConfigurationPlatforms) = preSolution
		Debug|Win32 = Debug|Win32
		Release|Win32 = Release|Win32
	EndGlobalSection
	GlobalSection(ProjectConfigurationPlatforms) = postSolution
		{DD51103C-E934-4D11-A256-B6FEACE9C096}.Debug|Win32.ActiveCfg = Debug|Win32
		{DD51103C-E934-4D11-A256-B6FEACE9C096}.Debug|Win32.Build.0 = Debug|Win32
		{DD51103C-E934-4D11-A256-B6FEACE9C096}.Release|Win32.ActiveCfg = Release|Win32
		{DD51103C-E934-4D11-A256-B6FEACE9C096}.Release|Win32.Build.0 = Release|Win32
	EndGlobalSection
	GlobalSection(SolutionProperties) = preSolution
		HideSolutionNode = FALSE
	EndGlobalSection
EndGlobal
